
Microsoft Visual Studio Solution File, Format Version 12.00
# Visual Studio Version 17
VisualStudioVersion = 17.6.33723.286
MinimumVisualStudioVersion = 10.0.40219.1
Project("{FAE04EC0-301F-11D3-BF4B-00C04F79EFBC}") = "ConnectSQL", "ConnectSQL\ConnectSQL.csproj", "{CCF573F1-CE96-42B8-A08C-C1CA97AA7370}"
EndProject
Global
	GlobalSection(SolutionConfigurationPlatforms) = preSolution
		Debug|Any CPU = Debug|Any CPU
		Release|Any CPU = Release|Any CPU
	EndGlobalSection
	GlobalSection(ProjectConfigurationPlatforms) = postSolution
		{CCF573F1-CE96-42B8-A08C-C1CA97AA7370}.Debug|Any CPU.ActiveCfg = Debug|Any CPU
		{CCF573F1-CE96-42B8-A08C-C1CA97AA7370}.Debug|Any CPU.Build.0 = Debug|Any CPU
		{CCF573F1-CE96-42B8-A08C-C1CA97AA7370}.Release|Any CPU.ActiveCfg = Release|Any CPU
		{CCF573F1-CE96-42B8-A08C-C1CA97AA7370}.Release|Any CPU.Build.0 = Release|Any CPU
	EndGlobalSection
	GlobalSection(SolutionProperties) = preSolution
		HideSolutionNode = FALSE
	EndGlobalSection
	GlobalSection(ExtensibilityGlobals) = postSolution
		SolutionGuid = {0A872ABA-4576-4299-914F-4676C1D3E35E}
	EndGlobalSection
EndGlobal
